{
    "_readme": [
        "This file locks the dependencies of your project to a known state",
        "Read more about it at http://getcomposer.org/doc/01-basic-usage.md#composer-lock-the-lock-file",
        "This file is @generated automatically"
    ],
    "hash": "971672b37bf37ec1bd8c73b1e41331bc",
    "packages": [
        {
            "name": "zendframework/zend-filter",
            "version": "2.3.3",
            "target-dir": "Zend/Filter",
            "source": {
                "type": "git",
                "url": "https://github.com/zendframework/Component_ZendFilter.git",
                "reference": "98b8c2abfdc9009e4c0157e78c9f22bf2cebb693"
            },
            "dist": {
                "type": "zip",
                "url": "https://packages.zendframework.com/composer/zendframework-zend-filter-98b8c2abfdc9009e4c0157e78c9f22bf2cebb693-zip-97ee66.zip",
                "reference": "2.3.3",
                "shasum": "e82b16c6ffd2e89080c5e942ef0670d5f6a73a01"
            },
            "require": {
                "php": ">=5.3.23",
                "zendframework/zend-stdlib": "self.version"
            },
            "require-dev": {
                "zendframework/zend-crypt": "self.version",
                "zendframework/zend-servicemanager": "self.version",
                "zendframework/zend-uri": "self.version"
            },
            "suggest": {
                "zendframework/zend-crypt": "Zend\\Crypt component",
                "zendframework/zend-i18n": "Zend\\I18n component",
                "zendframework/zend-servicemanager": "Zend\\ServiceManager component",
                "zendframework/zend-uri": "Zend\\Uri component for UriNormalize filter"
            },
            "type": "library",
            "extra": {
                "branch-alias": {
                    "dev-master": "2.3-dev",
                    "dev-develop": "2.4-dev"
                }
            },
            "autoload": {
                "psr-0": {
                    "Zend\\Filter\\": ""
                }
            },
            "license": [
                "BSD-3-Clause"
            ],
            "description": "provides a set of commonly needed data filters",
            "homepage": "https://github.com/zendframework/zf2",
            "keywords": [
                "filter",
                "zf2"
            ],
            "support": {
                "source": "https://github.com/zendframework/Component_ZendFilter/tree/release-2.3.3"
            },
            "time": "2014-09-16 22:58:11"
        },
        {
            "name": "zendframework/zend-i18n",
            "version": "2.3.3",
            "target-dir": "Zend/I18n",
            "source": {
                "type": "git",
                "url": "https://github.com/zendframework/Component_ZendI18n.git",
                "reference": "7939bd8eaa573f10fe33a799714199ed7c1fad5c"
            },
            "dist": {
                "type": "zip",
                "url": "https://packages.zendframework.com/composer/zendframework-zend-i18n-7939bd8eaa573f10fe33a799714199ed7c1fad5c-zip-2b76cf.zip",
                "reference": "2.3.3",
                "shasum": "00e5aa99ba8a6ec63789020ca48acb6cc2e22708"
            },
            "require": {
                "php": ">=5.3.23",
                "zendframework/zend-stdlib": "self.version"
            },
            "require-dev": {
                "zendframework/zend-cache": "self.version",
                "zendframework/zend-config": "self.version",
                "zendframework/zend-eventmanager": "self.version",
                "zendframework/zend-filter": "self.version",
                "zendframework/zend-servicemanager": "self.version",
                "zendframework/zend-validator": "self.version",
                "zendframework/zend-view": "self.version"
            },
            "suggest": {
                "ext-intl": "Required for most features of Zend\\I18n; included in default builds of PHP",
                "zendframework/zend-cache": "Zend\\Cache component",
                "zendframework/zend-config": "Zend\\Config component",
                "zendframework/zend-eventmanager": "You should install this package to use the events in the translator",
                "zendframework/zend-filter": "You should install this package to use the provided filters",
                "zendframework/zend-resources": "Translation resources",
                "zendframework/zend-servicemanager": "Zend\\ServiceManager component",
                "zendframework/zend-validator": "You should install this package to use the provided validators",
                "zendframework/zend-view": "You should install this package to use the provided view helpers"
            },
            "type": "library",
            "extra": {
                "branch-alias": {
                    "dev-master": "2.3-dev",
                    "dev-develop": "2.4-dev"
                }
            },
            "autoload": {
                "psr-0": {
                    "Zend\\I18n\\": ""
                }
            },
            "license": [
                "BSD-3-Clause"
            ],
            "description": " ",
            "homepage": "https://github.com/zendframework/zf2",
            "keywords": [
                "i18n",
                "zf2"
            ],
            "support": {
                "source": "https://github.com/zendframework/Component_ZendI18n/tree/release-2.3.3"
            },
            "time": "2014-09-16 22:58:11"
        },
        {
            "name": "zendframework/zend-stdlib",
            "version": "2.3.3",
            "target-dir": "Zend/Stdlib",
            "source": {
                "type": "git",
                "url": "https://github.com/zendframework/Component_ZendStdlib.git",
                "reference": "fa33e6647f830d0d2a1cb451efcdfe1bb9a66c33"
            },
            "dist": {
                "type": "zip",
                "url": "https://packages.zendframework.com/composer/zendframework-zend-stdlib-fa33e6647f830d0d2a1cb451efcdfe1bb9a66c33-zip-3307db.zip",
                "reference": "2.3.3",
                "shasum": "9ba6087a66196914c6ff6885f78eec7bc7352517"
            },
            "require": {
                "php": ">=5.3.23"
            },
            "require-dev": {
                "zendframework/zend-eventmanager": "self.version",
                "zendframework/zend-serializer": "self.version",
                "zendframework/zend-servicemanager": "self.version"
            },
            "suggest": {
                "zendframework/zend-eventmanager": "To support aggregate hydrator usage",
                "zendframework/zend-serializer": "Zend\\Serializer component",
                "zendframework/zend-servicemanager": "To support hydrator plugin manager usage"
            },
            "type": "library",
            "extra": {
                "branch-alias": {
                    "dev-master": "2.3-dev",
                    "dev-develop": "2.4-dev"
                }
            },
            "autoload": {
                "psr-0": {
                    "Zend\\Stdlib\\": ""
                }
            },
            "license": [
                "BSD-3-Clause"
            ],
            "description": " ",
            "homepage": "https://github.com/zendframework/zf2",
            "keywords": [
                "stdlib",
                "zf2"
            ],
            "support": {
                "source": "https://github.com/zendframework/Component_ZendStdlib/tree/release-2.3.3"
            },
            "time": "2014-09-16 22:58:11"
        }
    ],
    "packages-dev": [],
    "aliases": [],
    "minimum-stability": "stable",
    "stability-flags": [],
    "prefer-stable": false,
    "platform": [],
    "platform-dev": []
}
